// !$*UTF8*$!
{
	archiveVersion = 1;
	classes = {
	};
	objectVersion = 54;
	objects = {

/* Begin PBXBuildFile section */
		5B259CCA1D6630E0001D755F /* AppDelegate.swift in Sources */ = {isa = PBXBuildFile; fileRef = 5B259CC91D6630E0001D755F /* AppDelegate.swift */; };
		5B259CD11D6630E0001D755F /* Assets.xcassets in Resources */ = {isa = PBXBuildFile; fileRef = 5B259CD01D6630E0001D755F /* Assets.xcassets */; };
		5B259CD41D6630E0001D755F /* LaunchScreen.storyboard in Resources */ = {isa = PBXBuildFile; fileRef = 5B259CD21D6630E0001D755F /* LaunchScreen.storyboard */; };
		9636D41A27FF77E700FE8106 /* ProductViewerTests.swift in Sources */ = {isa = PBXBuildFile; fileRef = 9636D41927FF77E700FE8106 /* ProductViewerTests.swift */; };
		96D6F5F6280EE0C0009338BF /* Autolayout.swift in Sources */ = {isa = PBXBuildFile; fileRef = 96D6F5F5280EE0C0009338BF /* Autolayout.swift */; };
		96D6F5FD280F47B0009338BF /* UIColor+Helpers.swift in Sources */ = {isa = PBXBuildFile; fileRef = 96D6F5FB280F47B0009338BF /* UIColor+Helpers.swift */; };
		96D6F5FE280F47B0009338BF /* UIFont+Helpers.swift in Sources */ = {isa = PBXBuildFile; fileRef = 96D6F5FC280F47B0009338BF /* UIFont+Helpers.swift */; };
		96F0032A27BC262C00D1818F /* DataSource.swift in Sources */ = {isa = PBXBuildFile; fileRef = 96F0032927BC262C00D1818F /* DataSource.swift */; };
		F857CC1A2C95AC8700BAB8C1 /* AppFlowStarter.swift in Sources */ = {isa = PBXBuildFile; fileRef = F857CC192C95AC8700BAB8C1 /* AppFlowStarter.swift */; };
		F857CC202C95AD8B00BAB8C1 /* Coordinator.swift in Sources */ = {isa = PBXBuildFile; fileRef = F857CC1F2C95AD8B00BAB8C1 /* Coordinator.swift */; };
		F857CC222C95B09A00BAB8C1 /* ProductsDiscoveryCoordinator.swift in Sources */ = {isa = PBXBuildFile; fileRef = F857CC212C95B09A00BAB8C1 /* ProductsDiscoveryCoordinator.swift */; };
		F857CC252C95B39400BAB8C1 /* ProductDetailVC.swift in Sources */ = {isa = PBXBuildFile; fileRef = F857CC242C95B39400BAB8C1 /* ProductDetailVC.swift */; };
		F857CC272C95B7F400BAB8C1 /* Logger.swift in Sources */ = {isa = PBXBuildFile; fileRef = F857CC262C95B7F400BAB8C1 /* Logger.swift */; };
		F857CC292C95B82A00BAB8C1 /* NetworkRequest.swift in Sources */ = {isa = PBXBuildFile; fileRef = F857CC282C95B82A00BAB8C1 /* NetworkRequest.swift */; };
		F857CC2B2C95B86400BAB8C1 /* NetworkService.swift in Sources */ = {isa = PBXBuildFile; fileRef = F857CC2A2C95B86400BAB8C1 /* NetworkService.swift */; };
		F857CC2D2C95BDAE00BAB8C1 /* TargetAPI.swift in Sources */ = {isa = PBXBuildFile; fileRef = F857CC2C2C95BDAE00BAB8C1 /* TargetAPI.swift */; };
		F857CC2F2C95C1E900BAB8C1 /* DealsResponse.swift in Sources */ = {isa = PBXBuildFile; fileRef = F857CC2E2C95C1E900BAB8C1 /* DealsResponse.swift */; };
		F857CC312C95C4A500BAB8C1 /* DealsService.swift in Sources */ = {isa = PBXBuildFile; fileRef = F857CC302C95C4A500BAB8C1 /* DealsService.swift */; };
		F857CC332C95C4D900BAB8C1 /* Product.swift in Sources */ = {isa = PBXBuildFile; fileRef = F857CC322C95C4D900BAB8C1 /* Product.swift */; };
		F857CC352C95C4EA00BAB8C1 /* Price.swift in Sources */ = {isa = PBXBuildFile; fileRef = F857CC342C95C4EA00BAB8C1 /* Price.swift */; };
		F857CC372C95C50100BAB8C1 /* ItemNotFoundResponse.swift in Sources */ = {isa = PBXBuildFile; fileRef = F857CC362C95C50100BAB8C1 /* ItemNotFoundResponse.swift */; };
		F857CC392C95C52100BAB8C1 /* DealsVM.swift in Sources */ = {isa = PBXBuildFile; fileRef = F857CC382C95C52100BAB8C1 /* DealsVM.swift */; };
		F857CC3D2C960C7400BAB8C1 /* ProductDetailVM.swift in Sources */ = {isa = PBXBuildFile; fileRef = F857CC3C2C960C7400BAB8C1 /* ProductDetailVM.swift */; };
		F857CC3F2C96103B00BAB8C1 /* ProductDetailService.swift in Sources */ = {isa = PBXBuildFile; fileRef = F857CC3E2C96103B00BAB8C1 /* ProductDetailService.swift */; };
		F857CC472C9717E800BAB8C1 /* SDWebImage in Frameworks */ = {isa = PBXBuildFile; productRef = F857CC462C9717E800BAB8C1 /* SDWebImage */; };
		F857CC492C971B4800BAB8C1 /* String+.swift in Sources */ = {isa = PBXBuildFile; fileRef = F857CC482C971B4800BAB8C1 /* String+.swift */; };
		F857CC4B2C972DC800BAB8C1 /* ProductDetailView.swift in Sources */ = {isa = PBXBuildFile; fileRef = F857CC4A2C972DC800BAB8C1 /* ProductDetailView.swift */; };
		F857CC4E2C97301F00BAB8C1 /* SDWebImageSwiftUI in Frameworks */ = {isa = PBXBuildFile; productRef = F857CC4D2C97301F00BAB8C1 /* SDWebImageSwiftUI */; };
		F857CC502C976B0400BAB8C1 /* View+.swift in Sources */ = {isa = PBXBuildFile; fileRef = F857CC4F2C976B0400BAB8C1 /* View+.swift */; };
		F857CC532C9776F000BAB8C1 /* SF-Pro.ttf in Resources */ = {isa = PBXBuildFile; fileRef = F857CC522C9776F000BAB8C1 /* SF-Pro.ttf */; };
		F857CC552C9778A600BAB8C1 /* DealsVMTests.swift in Sources */ = {isa = PBXBuildFile; fileRef = F857CC542C9778A600BAB8C1 /* DealsVMTests.swift */; };
		F857CC582C980B2E00BAB8C1 /* DealsVC.swift in Sources */ = {isa = PBXBuildFile; fileRef = F857CC562C980B2E00BAB8C1 /* DealsVC.swift */; };
		F857CC592C980B2E00BAB8C1 /* DealsVC.xib in Resources */ = {isa = PBXBuildFile; fileRef = F857CC572C980B2E00BAB8C1 /* DealsVC.xib */; };
		F857CC5C2C98129000BAB8C1 /* ProductItemTVC.swift in Sources */ = {isa = PBXBuildFile; fileRef = F857CC5A2C98129000BAB8C1 /* ProductItemTVC.swift */; };
		F857CC5D2C98129000BAB8C1 /* ProductItemTVC.xib in Resources */ = {isa = PBXBuildFile; fileRef = F857CC5B2C98129000BAB8C1 /* ProductItemTVC.xib */; };
/* End PBXBuildFile section */

/* Begin PBXContainerItemProxy section */
		9636D41B27FF77E700FE8106 /* PBXContainerItemProxy */ = {
			isa = PBXContainerItemProxy;
			containerPortal = 5B259CBE1D6630E0001D755F /* Project object */;
			proxyType = 1;
			remoteGlobalIDString = 5B259CC51D6630E0001D755F;
			remoteInfo = ProductViewer;
		};
/* End PBXContainerItemProxy section */

/* Begin PBXFileReference section */
		5B259CC61D6630E0001D755F /* ProductViewer.app */ = {isa = PBXFileReference; explicitFileType = wrapper.application; includeInIndex = 0; path = ProductViewer.app; sourceTree = BUILT_PRODUCTS_DIR; };
		5B259CC91D6630E0001D755F /* AppDelegate.swift */ = {isa = PBXFileReference; lastKnownFileType = sourcecode.swift; path = AppDelegate.swift; sourceTree = "<group>"; };
		5B259CD01D6630E0001D755F /* Assets.xcassets */ = {isa = PBXFileReference; lastKnownFileType = folder.assetcatalog; path = Assets.xcassets; sourceTree = "<group>"; };
		5B259CD31D6630E0001D755F /* Base */ = {isa = PBXFileReference; lastKnownFileType = file.storyboard; name = Base; path = Base.lproj/LaunchScreen.storyboard; sourceTree = "<group>"; };
		5B259CD51D6630E0001D755F /* Info.plist */ = {isa = PBXFileReference; lastKnownFileType = text.plist.xml; path = Info.plist; sourceTree = "<group>"; };
		9636D41727FF77E700FE8106 /* ProductViewerTests.xctest */ = {isa = PBXFileReference; explicitFileType = wrapper.cfbundle; includeInIndex = 0; path = ProductViewerTests.xctest; sourceTree = BUILT_PRODUCTS_DIR; };
		9636D41927FF77E700FE8106 /* ProductViewerTests.swift */ = {isa = PBXFileReference; lastKnownFileType = sourcecode.swift; path = ProductViewerTests.swift; sourceTree = "<group>"; };
		96D6F5F5280EE0C0009338BF /* Autolayout.swift */ = {isa = PBXFileReference; lastKnownFileType = sourcecode.swift; path = Autolayout.swift; sourceTree = "<group>"; };
		96D6F5FB280F47B0009338BF /* UIColor+Helpers.swift */ = {isa = PBXFileReference; fileEncoding = 4; lastKnownFileType = sourcecode.swift; path = "UIColor+Helpers.swift"; sourceTree = "<group>"; };
		96D6F5FC280F47B0009338BF /* UIFont+Helpers.swift */ = {isa = PBXFileReference; fileEncoding = 4; lastKnownFileType = sourcecode.swift; path = "UIFont+Helpers.swift"; sourceTree = "<group>"; };
		96F0032927BC262C00D1818F /* DataSource.swift */ = {isa = PBXFileReference; lastKnownFileType = sourcecode.swift; path = DataSource.swift; sourceTree = "<group>"; };
		F857CC192C95AC8700BAB8C1 /* AppFlowStarter.swift */ = {isa = PBXFileReference; lastKnownFileType = sourcecode.swift; path = AppFlowStarter.swift; sourceTree = "<group>"; };
		F857CC1F2C95AD8B00BAB8C1 /* Coordinator.swift */ = {isa = PBXFileReference; lastKnownFileType = sourcecode.swift; path = Coordinator.swift; sourceTree = "<group>"; };
		F857CC212C95B09A00BAB8C1 /* ProductsDiscoveryCoordinator.swift */ = {isa = PBXFileReference; lastKnownFileType = sourcecode.swift; path = ProductsDiscoveryCoordinator.swift; sourceTree = "<group>"; };
		F857CC242C95B39400BAB8C1 /* ProductDetailVC.swift */ = {isa = PBXFileReference; lastKnownFileType = sourcecode.swift; path = ProductDetailVC.swift; sourceTree = "<group>"; };
		F857CC262C95B7F400BAB8C1 /* Logger.swift */ = {isa = PBXFileReference; lastKnownFileType = sourcecode.swift; path = Logger.swift; sourceTree = "<group>"; };
		F857CC282C95B82A00BAB8C1 /* NetworkRequest.swift */ = {isa = PBXFileReference; lastKnownFileType = sourcecode.swift; path = NetworkRequest.swift; sourceTree = "<group>"; };
		F857CC2A2C95B86400BAB8C1 /* NetworkService.swift */ = {isa = PBXFileReference; lastKnownFileType = sourcecode.swift; path = NetworkService.swift; sourceTree = "<group>"; };
		F857CC2C2C95BDAE00BAB8C1 /* TargetAPI.swift */ = {isa = PBXFileReference; lastKnownFileType = sourcecode.swift; path = TargetAPI.swift; sourceTree = "<group>"; };
		F857CC2E2C95C1E900BAB8C1 /* DealsResponse.swift */ = {isa = PBXFileReference; lastKnownFileType = sourcecode.swift; path = DealsResponse.swift; sourceTree = "<group>"; };
		F857CC302C95C4A500BAB8C1 /* DealsService.swift */ = {isa = PBXFileReference; lastKnownFileType = sourcecode.swift; path = DealsService.swift; sourceTree = "<group>"; };
		F857CC322C95C4D900BAB8C1 /* Product.swift */ = {isa = PBXFileReference; lastKnownFileType = sourcecode.swift; path = Product.swift; sourceTree = "<group>"; };
		F857CC342C95C4EA00BAB8C1 /* Price.swift */ = {isa = PBXFileReference; lastKnownFileType = sourcecode.swift; path = Price.swift; sourceTree = "<group>"; };
		F857CC362C95C50100BAB8C1 /* ItemNotFoundResponse.swift */ = {isa = PBXFileReference; lastKnownFileType = sourcecode.swift; path = ItemNotFoundResponse.swift; sourceTree = "<group>"; };
		F857CC382C95C52100BAB8C1 /* DealsVM.swift */ = {isa = PBXFileReference; lastKnownFileType = sourcecode.swift; path = DealsVM.swift; sourceTree = "<group>"; };
		F857CC3C2C960C7400BAB8C1 /* ProductDetailVM.swift */ = {isa = PBXFileReference; lastKnownFileType = sourcecode.swift; path = ProductDetailVM.swift; sourceTree = "<group>"; };
		F857CC3E2C96103B00BAB8C1 /* ProductDetailService.swift */ = {isa = PBXFileReference; lastKnownFileType = sourcecode.swift; path = ProductDetailService.swift; sourceTree = "<group>"; };
		F857CC482C971B4800BAB8C1 /* String+.swift */ = {isa = PBXFileReference; lastKnownFileType = sourcecode.swift; path = "String+.swift"; sourceTree = "<group>"; };
		F857CC4A2C972DC800BAB8C1 /* ProductDetailView.swift */ = {isa = PBXFileReference; lastKnownFileType = sourcecode.swift; path = ProductDetailView.swift; sourceTree = "<group>"; };
		F857CC4F2C976B0400BAB8C1 /* View+.swift */ = {isa = PBXFileReference; lastKnownFileType = sourcecode.swift; path = "View+.swift"; sourceTree = "<group>"; };
		F857CC522C9776F000BAB8C1 /* SF-Pro.ttf */ = {isa = PBXFileReference; lastKnownFileType = file; path = "SF-Pro.ttf"; sourceTree = "<group>"; };
		F857CC542C9778A600BAB8C1 /* DealsVMTests.swift */ = {isa = PBXFileReference; lastKnownFileType = sourcecode.swift; path = DealsVMTests.swift; sourceTree = "<group>"; };
		F857CC562C980B2E00BAB8C1 /* DealsVC.swift */ = {isa = PBXFileReference; lastKnownFileType = sourcecode.swift; path = DealsVC.swift; sourceTree = "<group>"; };
		F857CC572C980B2E00BAB8C1 /* DealsVC.xib */ = {isa = PBXFileReference; lastKnownFileType = file.xib; path = DealsVC.xib; sourceTree = "<group>"; };
		F857CC5A2C98129000BAB8C1 /* ProductItemTVC.swift */ = {isa = PBXFileReference; lastKnownFileType = sourcecode.swift; path = ProductItemTVC.swift; sourceTree = "<group>"; };
		F857CC5B2C98129000BAB8C1 /* ProductItemTVC.xib */ = {isa = PBXFileReference; lastKnownFileType = file.xib; path = ProductItemTVC.xib; sourceTree = "<group>"; };
/* End PBXFileReference section */

/* Begin PBXFrameworksBuildPhase section */
		5B259CC31D6630E0001D755F /* Frameworks */ = {
			isa = PBXFrameworksBuildPhase;
			buildActionMask = 2147483647;
			files = (
				F857CC4E2C97301F00BAB8C1 /* SDWebImageSwiftUI in Frameworks */,
				F857CC472C9717E800BAB8C1 /* SDWebImage in Frameworks */,
			);
			runOnlyForDeploymentPostprocessing = 0;
		};
		9636D41427FF77E700FE8106 /* Frameworks */ = {
			isa = PBXFrameworksBuildPhase;
			buildActionMask = 2147483647;
			files = (
			);
			runOnlyForDeploymentPostprocessing = 0;
		};
/* End PBXFrameworksBuildPhase section */

/* Begin PBXGroup section */
		5B259CBD1D6630E0001D755F = {
			isa = PBXGroup;
			children = (
				5B259CC81D6630E0001D755F /* ProductViewer */,
				9636D41827FF77E700FE8106 /* ProductViewerTests */,
				5B259CC71D6630E0001D755F /* Products */,
			);
			sourceTree = "<group>";
		};
		5B259CC71D6630E0001D755F /* Products */ = {
			isa = PBXGroup;
			children = (
				5B259CC61D6630E0001D755F /* ProductViewer.app */,
				9636D41727FF77E700FE8106 /* ProductViewerTests.xctest */,
			);
			name = Products;
			sourceTree = "<group>";
		};
		5B259CC81D6630E0001D755F /* ProductViewer */ = {
			isa = PBXGroup;
			children = (
				F857CC142C95AB4700BAB8C1 /* App */,
				F857CC162C95AB6C00BAB8C1 /* Models */,
				F857CC172C95AB7000BAB8C1 /* Modules */,
				F857CC1B2C95AD2E00BAB8C1 /* Networking */,
				96D6F5F4280EE0B2009338BF /* Utilities */,
				5B259CD21D6630E0001D755F /* LaunchScreen.storyboard */,
				5B259CD51D6630E0001D755F /* Info.plist */,
			);
			path = ProductViewer;
			sourceTree = "<group>";
		};
		5BEF080F1D663283006BF0C0 /* List */ = {
			isa = PBXGroup;
			children = (
				F857CC402C970D7400BAB8C1 /* Components */,
				96F0032927BC262C00D1818F /* DataSource.swift */,
				F857CC382C95C52100BAB8C1 /* DealsVM.swift */,
				F857CC562C980B2E00BAB8C1 /* DealsVC.swift */,
				F857CC572C980B2E00BAB8C1 /* DealsVC.xib */,
			);
			path = List;
			sourceTree = "<group>";
		};
		9636D41827FF77E700FE8106 /* ProductViewerTests */ = {
			isa = PBXGroup;
			children = (
				9636D41927FF77E700FE8106 /* ProductViewerTests.swift */,
				F857CC542C9778A600BAB8C1 /* DealsVMTests.swift */,
			);
			path = ProductViewerTests;
			sourceTree = "<group>";
		};
		96D6F5F4280EE0B2009338BF /* Utilities */ = {
			isa = PBXGroup;
			children = (
				F857CC512C9774D700BAB8C1 /* Resources */,
				F857CC1D2C95AD6000BAB8C1 /* Extensions */,
				F857CC1C2C95AD5800BAB8C1 /* Protocols */,
				F857CC152C95AB5F00BAB8C1 /* Assets */,
				F857CC262C95B7F400BAB8C1 /* Logger.swift */,
			);
			path = Utilities;
			sourceTree = "<group>";
		};
		F857CC142C95AB4700BAB8C1 /* App */ = {
			isa = PBXGroup;
			children = (
				5B259CC91D6630E0001D755F /* AppDelegate.swift */,
				F857CC192C95AC8700BAB8C1 /* AppFlowStarter.swift */,
			);
			path = App;
			sourceTree = "<group>";
		};
		F857CC152C95AB5F00BAB8C1 /* Assets */ = {
			isa = PBXGroup;
			children = (
				5B259CD01D6630E0001D755F /* Assets.xcassets */,
			);
			path = Assets;
			sourceTree = "<group>";
		};
		F857CC162C95AB6C00BAB8C1 /* Models */ = {
			isa = PBXGroup;
			children = (
				F857CC2E2C95C1E900BAB8C1 /* DealsResponse.swift */,
				F857CC362C95C50100BAB8C1 /* ItemNotFoundResponse.swift */,
				F857CC342C95C4EA00BAB8C1 /* Price.swift */,
				F857CC322C95C4D900BAB8C1 /* Product.swift */,
			);
			path = Models;
			sourceTree = "<group>";
		};
		F857CC172C95AB7000BAB8C1 /* Modules */ = {
			isa = PBXGroup;
			children = (
				F857CC182C95ABD400BAB8C1 /* Products Discovery */,
			);
			path = Modules;
			sourceTree = "<group>";
		};
		F857CC182C95ABD400BAB8C1 /* Products Discovery */ = {
			isa = PBXGroup;
			children = (
				5BEF080F1D663283006BF0C0 /* List */,
				F857CC232C95B37400BAB8C1 /* Detail */,
				F857CC212C95B09A00BAB8C1 /* ProductsDiscoveryCoordinator.swift */,
			);
			path = "Products Discovery";
			sourceTree = "<group>";
		};
		F857CC1B2C95AD2E00BAB8C1 /* Networking */ = {
			isa = PBXGroup;
			children = (
				F857CC282C95B82A00BAB8C1 /* NetworkRequest.swift */,
				F857CC2C2C95BDAE00BAB8C1 /* TargetAPI.swift */,
				F857CC2A2C95B86400BAB8C1 /* NetworkService.swift */,
				F857CC302C95C4A500BAB8C1 /* DealsService.swift */,
				F857CC3E2C96103B00BAB8C1 /* ProductDetailService.swift */,
			);
			path = Networking;
			sourceTree = "<group>";
		};
		F857CC1C2C95AD5800BAB8C1 /* Protocols */ = {
			isa = PBXGroup;
			children = (
				F857CC1F2C95AD8B00BAB8C1 /* Coordinator.swift */,
			);
			path = Protocols;
			sourceTree = "<group>";
		};
		F857CC1D2C95AD6000BAB8C1 /* Extensions */ = {
			isa = PBXGroup;
			children = (
				96D6F5FB280F47B0009338BF /* UIColor+Helpers.swift */,
				96D6F5FC280F47B0009338BF /* UIFont+Helpers.swift */,
				96D6F5F5280EE0C0009338BF /* Autolayout.swift */,
				F857CC482C971B4800BAB8C1 /* String+.swift */,
				F857CC4F2C976B0400BAB8C1 /* View+.swift */,
			);
			path = Extensions;
			sourceTree = "<group>";
		};
		F857CC232C95B37400BAB8C1 /* Detail */ = {
			isa = PBXGroup;
			children = (
				F857CC242C95B39400BAB8C1 /* ProductDetailVC.swift */,
				F857CC3C2C960C7400BAB8C1 /* ProductDetailVM.swift */,
				F857CC4A2C972DC800BAB8C1 /* ProductDetailView.swift */,
			);
			path = Detail;
			sourceTree = "<group>";
		};
		F857CC402C970D7400BAB8C1 /* Components */ = {
			isa = PBXGroup;
			children = (
				F857CC5A2C98129000BAB8C1 /* ProductItemTVC.swift */,
				F857CC5B2C98129000BAB8C1 /* ProductItemTVC.xib */,
			);
			path = Components;
			sourceTree = "<group>";
		};
		F857CC512C9774D700BAB8C1 /* Resources */ = {
			isa = PBXGroup;
			children = (
				F857CC522C9776F000BAB8C1 /* SF-Pro.ttf */,
			);
			path = Resources;
			sourceTree = "<group>";
		};
/* End PBXGroup section */

/* Begin PBXNativeTarget section */
		5B259CC51D6630E0001D755F /* ProductViewer */ = {
			isa = PBXNativeTarget;
			buildConfigurationList = 5B259CD81D6630E0001D755F /* Build configuration list for PBXNativeTarget "ProductViewer" */;
			buildPhases = (
				5B259CC21D6630E0001D755F /* Sources */,
				5B259CC31D6630E0001D755F /* Frameworks */,
				5B259CC41D6630E0001D755F /* Resources */,
			);
			buildRules = (
			);
			dependencies = (
			);
			name = ProductViewer;
			packageProductDependencies = (
				F857CC462C9717E800BAB8C1 /* SDWebImage */,
				F857CC4D2C97301F00BAB8C1 /* SDWebImageSwiftUI */,
			);
			productName = ProductViewer;
			productReference = 5B259CC61D6630E0001D755F /* ProductViewer.app */;
			productType = "com.apple.product-type.application";
		};
		9636D41627FF77E700FE8106 /* ProductViewerTests */ = {
			isa = PBXNativeTarget;
			buildConfigurationList = 9636D41F27FF77E700FE8106 /* Build configuration list for PBXNativeTarget "ProductViewerTests" */;
			buildPhases = (
				9636D41327FF77E700FE8106 /* Sources */,
				9636D41427FF77E700FE8106 /* Frameworks */,
				9636D41527FF77E700FE8106 /* Resources */,
			);
			buildRules = (
			);
			dependencies = (
				9636D41C27FF77E700FE8106 /* PBXTargetDependency */,
			);
			name = ProductViewerTests;
			productName = ProductViewerTests;
			productReference = 9636D41727FF77E700FE8106 /* ProductViewerTests.xctest */;
			productType = "com.apple.product-type.bundle.unit-test";
		};
/* End PBXNativeTarget section */

/* Begin PBXProject section */
		5B259CBE1D6630E0001D755F /* Project object */ = {
			isa = PBXProject;
			attributes = {
				LastSwiftUpdateCheck = 1330;
				LastUpgradeCheck = 1250;
				ORGANIZATIONNAME = Target;
				TargetAttributes = {
					5B259CC51D6630E0001D755F = {
						CreatedOnToolsVersion = 7.3.1;
						LastSwiftMigration = 0830;
					};
					9636D41627FF77E700FE8106 = {
						CreatedOnToolsVersion = 13.3;
						ProvisioningStyle = Automatic;
						TestTargetID = 5B259CC51D6630E0001D755F;
					};
				};
			};
			buildConfigurationList = 5B259CC11D6630E0001D755F /* Build configuration list for PBXProject "ProductViewer" */;
			compatibilityVersion = "Xcode 3.2";
			developmentRegion = en;
			hasScannedForEncodings = 0;
			knownRegions = (
				en,
				Base,
			);
			mainGroup = 5B259CBD1D6630E0001D755F;
			packageReferences = (
				F857CC452C9717E800BAB8C1 /* XCRemoteSwiftPackageReference "SDWebImage" */,
				F857CC4C2C97301F00BAB8C1 /* XCRemoteSwiftPackageReference "SDWebImageSwiftUI" */,
			);
			productRefGroup = 5B259CC71D6630E0001D755F /* Products */;
			projectDirPath = "";
			projectRoot = "";
			targets = (
				5B259CC51D6630E0001D755F /* ProductViewer */,
				9636D41627FF77E700FE8106 /* ProductViewerTests */,
			);
		};
/* End PBXProject section */

/* Begin PBXResourcesBuildPhase section */
		5B259CC41D6630E0001D755F /* Resources */ = {
			isa = PBXResourcesBuildPhase;
			buildActionMask = 2147483647;
			files = (
				F857CC592C980B2E00BAB8C1 /* DealsVC.xib in Resources */,
				F857CC532C9776F000BAB8C1 /* SF-Pro.ttf in Resources */,
				5B259CD41D6630E0001D755F /* LaunchScreen.storyboard in Resources */,
				F857CC5D2C98129000BAB8C1 /* ProductItemTVC.xib in Resources */,
				5B259CD11D6630E0001D755F /* Assets.xcassets in Resources */,
			);
			runOnlyForDeploymentPostprocessing = 0;
		};
		9636D41527FF77E700FE8106 /* Resources */ = {
			isa = PBXResourcesBuildPhase;
			buildActionMask = 2147483647;
			files = (
			);
			runOnlyForDeploymentPostprocessing = 0;
		};
/* End PBXResourcesBuildPhase section */

/* Begin PBXSourcesBuildPhase section */
		5B259CC21D6630E0001D755F /* Sources */ = {
			isa = PBXSourcesBuildPhase;
			buildActionMask = 2147483647;
			files = (
				F857CC352C95C4EA00BAB8C1 /* Price.swift in Sources */,
				F857CC312C95C4A500BAB8C1 /* DealsService.swift in Sources */,
				F857CC292C95B82A00BAB8C1 /* NetworkRequest.swift in Sources */,
				F857CC332C95C4D900BAB8C1 /* Product.swift in Sources */,
				F857CC502C976B0400BAB8C1 /* View+.swift in Sources */,
				F857CC5C2C98129000BAB8C1 /* ProductItemTVC.swift in Sources */,
				5B259CCA1D6630E0001D755F /* AppDelegate.swift in Sources */,
				96D6F5FD280F47B0009338BF /* UIColor+Helpers.swift in Sources */,
				F857CC3F2C96103B00BAB8C1 /* ProductDetailService.swift in Sources */,
				96D6F5F6280EE0C0009338BF /* Autolayout.swift in Sources */,
				96F0032A27BC262C00D1818F /* DataSource.swift in Sources */,
				F857CC3D2C960C7400BAB8C1 /* ProductDetailVM.swift in Sources */,
				F857CC392C95C52100BAB8C1 /* DealsVM.swift in Sources */,
				F857CC492C971B4800BAB8C1 /* String+.swift in Sources */,
				F857CC2F2C95C1E900BAB8C1 /* DealsResponse.swift in Sources */,
				F857CC2B2C95B86400BAB8C1 /* NetworkService.swift in Sources */,
				F857CC1A2C95AC8700BAB8C1 /* AppFlowStarter.swift in Sources */,
				96D6F5FE280F47B0009338BF /* UIFont+Helpers.swift in Sources */,
				F857CC582C980B2E00BAB8C1 /* DealsVC.swift in Sources */,
				F857CC272C95B7F400BAB8C1 /* Logger.swift in Sources */,
				F857CC252C95B39400BAB8C1 /* ProductDetailVC.swift in Sources */,
				F857CC4B2C972DC800BAB8C1 /* ProductDetailView.swift in Sources */,
				F857CC372C95C50100BAB8C1 /* ItemNotFoundResponse.swift in Sources */,
				F857CC202C95AD8B00BAB8C1 /* Coordinator.swift in Sources */,
				F857CC222C95B09A00BAB8C1 /* ProductsDiscoveryCoordinator.swift in Sources */,
				F857CC2D2C95BDAE00BAB8C1 /* TargetAPI.swift in Sources */,
			);
			runOnlyForDeploymentPostprocessing = 0;
		};
		9636D41327FF77E700FE8106 /* Sources */ = {
			isa = PBXSourcesBuildPhase;
			buildActionMask = 2147483647;
			files = (
				F857CC552C9778A600BAB8C1 /* DealsVMTests.swift in Sources */,
				9636D41A27FF77E700FE8106 /* ProductViewerTests.swift in Sources */,
			);
			runOnlyForDeploymentPostprocessing = 0;
		};
/* End PBXSourcesBuildPhase section */

/* Begin PBXTargetDependency section */
		9636D41C27FF77E700FE8106 /* PBXTargetDependency */ = {
			isa = PBXTargetDependency;
			target = 5B259CC51D6630E0001D755F /* ProductViewer */;
			targetProxy = 9636D41B27FF77E700FE8106 /* PBXContainerItemProxy */;
		};
/* End PBXTargetDependency section */

/* Begin PBXVariantGroup section */
		5B259CD21D6630E0001D755F /* LaunchScreen.storyboard */ = {
			isa = PBXVariantGroup;
			children = (
				5B259CD31D6630E0001D755F /* Base */,
			);
			name = LaunchScreen.storyboard;
			sourceTree = "<group>";
		};
/* End PBXVariantGroup section */

/* Begin XCBuildConfiguration section */
		5B259CD61D6630E0001D755F /* Debug */ = {
			isa = XCBuildConfiguration;
			buildSettings = {
				ALWAYS_SEARCH_USER_PATHS = NO;
				CLANG_ANALYZER_NONNULL = YES;
				CLANG_CXX_LANGUAGE_STANDARD = "gnu++0x";
				CLANG_CXX_LIBRARY = "libc++";
				CLANG_ENABLE_MODULES = YES;
				CLANG_ENABLE_OBJC_ARC = YES;
				CLANG_WARN_BLOCK_CAPTURE_AUTORELEASING = YES;
				CLANG_WARN_BOOL_CONVERSION = YES;
				CLANG_WARN_COMMA = YES;
				CLANG_WARN_CONSTANT_CONVERSION = YES;
				CLANG_WARN_DEPRECATED_OBJC_IMPLEMENTATIONS = YES;
				CLANG_WARN_DIRECT_OBJC_ISA_USAGE = YES_ERROR;
				CLANG_WARN_EMPTY_BODY = YES;
				CLANG_WARN_ENUM_CONVERSION = YES;
				CLANG_WARN_INFINITE_RECURSION = YES;
				CLANG_WARN_INT_CONVERSION = YES;
				CLANG_WARN_NON_LITERAL_NULL_CONVERSION = YES;
				CLANG_WARN_OBJC_IMPLICIT_RETAIN_SELF = YES;
				CLANG_WARN_OBJC_LITERAL_CONVERSION = YES;
				CLANG_WARN_OBJC_ROOT_CLASS = YES_ERROR;
				CLANG_WARN_QUOTED_INCLUDE_IN_FRAMEWORK_HEADER = YES;
				CLANG_WARN_RANGE_LOOP_ANALYSIS = YES;
				CLANG_WARN_STRICT_PROTOTYPES = YES;
				CLANG_WARN_SUSPICIOUS_MOVE = YES;
				CLANG_WARN_UNREACHABLE_CODE = YES;
				CLANG_WARN__DUPLICATE_METHOD_MATCH = YES;
				"CODE_SIGN_IDENTITY[sdk=iphoneos*]" = "iPhone Developer";
				COPY_PHASE_STRIP = NO;
				DEBUG_INFORMATION_FORMAT = dwarf;
				ENABLE_STRICT_OBJC_MSGSEND = YES;
				ENABLE_TESTABILITY = YES;
				GCC_C_LANGUAGE_STANDARD = gnu99;
				GCC_DYNAMIC_NO_PIC = NO;
				GCC_NO_COMMON_BLOCKS = YES;
				GCC_OPTIMIZATION_LEVEL = 0;
				GCC_PREPROCESSOR_DEFINITIONS = (
					"DEBUG=1",
					"$(inherited)",
				);
				GCC_WARN_64_TO_32_BIT_CONVERSION = YES;
				GCC_WARN_ABOUT_RETURN_TYPE = YES_ERROR;
				GCC_WARN_UNDECLARED_SELECTOR = YES;
				GCC_WARN_UNINITIALIZED_AUTOS = YES_AGGRESSIVE;
				GCC_WARN_UNUSED_FUNCTION = YES;
				GCC_WARN_UNUSED_VARIABLE = YES;
				IPHONEOS_DEPLOYMENT_TARGET = 16;
				MTL_ENABLE_DEBUG_INFO = YES;
				ONLY_ACTIVE_ARCH = YES;
				SDKROOT = iphoneos;
				SWIFT_OPTIMIZATION_LEVEL = "-Onone";
				TARGETED_DEVICE_FAMILY = "1,2";
			};
			name = Debug;
		};
		5B259CD71D6630E0001D755F /* Release */ = {
			isa = XCBuildConfiguration;
			buildSettings = {
				ALWAYS_SEARCH_USER_PATHS = NO;
				CLANG_ANALYZER_NONNULL = YES;
				CLANG_CXX_LANGUAGE_STANDARD = "gnu++0x";
				CLANG_CXX_LIBRARY = "libc++";
				CLANG_ENABLE_MODULES = YES;
				CLANG_ENABLE_OBJC_ARC = YES;
				CLANG_WARN_BLOCK_CAPTURE_AUTORELEASING = YES;
				CLANG_WARN_BOOL_CONVERSION = YES;
				CLANG_WARN_COMMA = YES;
				CLANG_WARN_CONSTANT_CONVERSION = YES;
				CLANG_WARN_DEPRECATED_OBJC_IMPLEMENTATIONS = YES;
				CLANG_WARN_DIRECT_OBJC_ISA_USAGE = YES_ERROR;
				CLANG_WARN_EMPTY_BODY = YES;
				CLANG_WARN_ENUM_CONVERSION = YES;
				CLANG_WARN_INFINITE_RECURSION = YES;
				CLANG_WARN_INT_CONVERSION = YES;
				CLANG_WARN_NON_LITERAL_NULL_CONVERSION = YES;
				CLANG_WARN_OBJC_IMPLICIT_RETAIN_SELF = YES;
				CLANG_WARN_OBJC_LITERAL_CONVERSION = YES;
				CLANG_WARN_OBJC_ROOT_CLASS = YES_ERROR;
				CLANG_WARN_QUOTED_INCLUDE_IN_FRAMEWORK_HEADER = YES;
				CLANG_WARN_RANGE_LOOP_ANALYSIS = YES;
				CLANG_WARN_STRICT_PROTOTYPES = YES;
				CLANG_WARN_SUSPICIOUS_MOVE = YES;
				CLANG_WARN_UNREACHABLE_CODE = YES;
				CLANG_WARN__DUPLICATE_METHOD_MATCH = YES;
				"CODE_SIGN_IDENTITY[sdk=iphoneos*]" = "";
				COPY_PHASE_STRIP = NO;
				DEBUG_INFORMATION_FORMAT = "dwarf-with-dsym";
				ENABLE_NS_ASSERTIONS = NO;
				ENABLE_STRICT_OBJC_MSGSEND = YES;
				GCC_C_LANGUAGE_STANDARD = gnu99;
				GCC_NO_COMMON_BLOCKS = YES;
				GCC_WARN_64_TO_32_BIT_CONVERSION = YES;
				GCC_WARN_ABOUT_RETURN_TYPE = YES_ERROR;
				GCC_WARN_UNDECLARED_SELECTOR = YES;
				GCC_WARN_UNINITIALIZED_AUTOS = YES_AGGRESSIVE;
				GCC_WARN_UNUSED_FUNCTION = YES;
				GCC_WARN_UNUSED_VARIABLE = YES;
				IPHONEOS_DEPLOYMENT_TARGET = 16;
				MTL_ENABLE_DEBUG_INFO = NO;
				SDKROOT = iphoneos;
				SWIFT_COMPILATION_MODE = wholemodule;
				TARGETED_DEVICE_FAMILY = "1,2";
				VALIDATE_PRODUCT = YES;
			};
			name = Release;
		};
		5B259CD91D6630E0001D755F /* Debug */ = {
			isa = XCBuildConfiguration;
			buildSettings = {
				ASSETCATALOG_COMPILER_APPICON_NAME = AppIcon;
				INFOPLIST_FILE = ProductViewer/Info.plist;
				IPHONEOS_DEPLOYMENT_TARGET = 15.4;
				LD_RUNPATH_SEARCH_PATHS = (
					"$(inherited)",
					"@executable_path/Frameworks",
				);
				MARKETING_VERSION = 2.3;
				PRODUCT_BUNDLE_IDENTIFIER = com.target.ProductViewer;
				PRODUCT_NAME = "$(TARGET_NAME)";
				SWIFT_VERSION = 5.0;
				TARGETED_DEVICE_FAMILY = 1;
			};
			name = Debug;
		};
		5B259CDA1D6630E0001D755F /* Release */ = {
			isa = XCBuildConfiguration;
			buildSettings = {
				ASSETCATALOG_COMPILER_APPICON_NAME = AppIcon;
				INFOPLIST_FILE = ProductViewer/Info.plist;
				IPHONEOS_DEPLOYMENT_TARGET = 15.4;
				LD_RUNPATH_SEARCH_PATHS = (
					"$(inherited)",
					"@executable_path/Frameworks",
				);
				MARKETING_VERSION = 2.3;
				PRODUCT_BUNDLE_IDENTIFIER = com.target.ProductViewer;
				PRODUCT_NAME = "$(TARGET_NAME)";
				SWIFT_VERSION = 5.0;
				TARGETED_DEVICE_FAMILY = 1;
			};
			name = Release;
		};
		9636D41D27FF77E700FE8106 /* Debug */ = {
			isa = XCBuildConfiguration;
			buildSettings = {
				BUNDLE_LOADER = "$(TEST_HOST)";
				CLANG_ANALYZER_NUMBER_OBJECT_CONVERSION = YES_AGGRESSIVE;
				CLANG_CXX_LANGUAGE_STANDARD = "gnu++17";
				CLANG_ENABLE_OBJC_WEAK = YES;
				CLANG_WARN_DOCUMENTATION_COMMENTS = YES;
				CLANG_WARN_UNGUARDED_AVAILABILITY = YES_AGGRESSIVE;
				CODE_SIGN_STYLE = Automatic;
				CURRENT_PROJECT_VERSION = 1;
				GCC_C_LANGUAGE_STANDARD = gnu11;
				GENERATE_INFOPLIST_FILE = YES;
				IPHONEOS_DEPLOYMENT_TARGET = 15.4;
				MARKETING_VERSION = 1.0;
				MTL_ENABLE_DEBUG_INFO = INCLUDE_SOURCE;
				MTL_FAST_MATH = YES;
				PRODUCT_BUNDLE_IDENTIFIER = com.target.ProductViewerTests;
				PRODUCT_NAME = "$(TARGET_NAME)";
				SWIFT_ACTIVE_COMPILATION_CONDITIONS = DEBUG;
				SWIFT_EMIT_LOC_STRINGS = NO;
				SWIFT_VERSION = 5.0;
				TARGETED_DEVICE_FAMILY = "1,2";
				TEST_HOST = "$(BUILT_PRODUCTS_DIR)/ProductViewer.app/ProductViewer";
			};
			name = Debug;
		};
		9636D41E27FF77E700FE8106 /* Release */ = {
			isa = XCBuildConfiguration;
			buildSettings = {
				BUNDLE_LOADER = "$(TEST_HOST)";
				CLANG_ANALYZER_NUMBER_OBJECT_CONVERSION = YES_AGGRESSIVE;
				CLANG_CXX_LANGUAGE_STANDARD = "gnu++17";
				CLANG_ENABLE_OBJC_WEAK = YES;
				CLANG_WARN_DOCUMENTATION_COMMENTS = YES;
				CLANG_WARN_UNGUARDED_AVAILABILITY = YES_AGGRESSIVE;
				CODE_SIGN_STYLE = Automatic;
				CURRENT_PROJECT_VERSION = 1;
				GCC_C_LANGUAGE_STANDARD = gnu11;
				GENERATE_INFOPLIST_FILE = YES;
				IPHONEOS_DEPLOYMENT_TARGET = 15.4;
				MARKETING_VERSION = 1.0;
				MTL_FAST_MATH = YES;
				PRODUCT_BUNDLE_IDENTIFIER = com.target.ProductViewerTests;
				PRODUCT_NAME = "$(TARGET_NAME)";
				SWIFT_EMIT_LOC_STRINGS = NO;
				SWIFT_OPTIMIZATION_LEVEL = "-O";
				SWIFT_VERSION = 5.0;
				TARGETED_DEVICE_FAMILY = "1,2";
				TEST_HOST = "$(BUILT_PRODUCTS_DIR)/ProductViewer.app/ProductViewer";
			};
			name = Release;
		};
/* End XCBuildConfiguration section */

/* Begin XCConfigurationList section */
		5B259CC11D6630E0001D755F /* Build configuration list for PBXProject "ProductViewer" */ = {
			isa = XCConfigurationList;
			buildConfigurations = (
				5B259CD61D6630E0001D755F /* Debug */,
				5B259CD71D6630E0001D755F /* Release */,
			);
			defaultConfigurationIsVisible = 0;
			defaultConfigurationName = Release;
		};
		5B259CD81D6630E0001D755F /* Build configuration list for PBXNativeTarget "ProductViewer" */ = {
			isa = XCConfigurationList;
			buildConfigurations = (
				5B259CD91D6630E0001D755F /* Debug */,
				5B259CDA1D6630E0001D755F /* Release */,
			);
			defaultConfigurationIsVisible = 0;
			defaultConfigurationName = Release;
		};
		9636D41F27FF77E700FE8106 /* Build configuration list for PBXNativeTarget "ProductViewerTests" */ = {
			isa = XCConfigurationList;
			buildConfigurations = (
				9636D41D27FF77E700FE8106 /* Debug */,
				9636D41E27FF77E700FE8106 /* Release */,
			);
			defaultConfigurationIsVisible = 0;
			defaultConfigurationName = Release;
		};
/* End XCConfigurationList section */

/* Begin XCRemoteSwiftPackageReference section */
		F857CC452C9717E800BAB8C1 /* XCRemoteSwiftPackageReference "SDWebImage" */ = {
			isa = XCRemoteSwiftPackageReference;
			repositoryURL = "https://github.com/SDWebImage/SDWebImage.git";
			requirement = {
				kind = upToNextMajorVersion;
				minimumVersion = 5.19.7;
			};
		};
		F857CC4C2C97301F00BAB8C1 /* XCRemoteSwiftPackageReference "SDWebImageSwiftUI" */ = {
			isa = XCRemoteSwiftPackageReference;
			repositoryURL = "https://github.com/SDWebImage/SDWebImageSwiftUI.git";
			requirement = {
				kind = upToNextMajorVersion;
				minimumVersion = 3.1.2;
			};
		};
/* End XCRemoteSwiftPackageReference section */

/* Begin XCSwiftPackageProductDependency section */
		F857CC462C9717E800BAB8C1 /* SDWebImage */ = {
			isa = XCSwiftPackageProductDependency;
			package = F857CC452C9717E800BAB8C1 /* XCRemoteSwiftPackageReference "SDWebImage" */;
			productName = SDWebImage;
		};
		F857CC4D2C97301F00BAB8C1 /* SDWebImageSwiftUI */ = {
			isa = XCSwiftPackageProductDependency;
			package = F857CC4C2C97301F00BAB8C1 /* XCRemoteSwiftPackageReference "SDWebImageSwiftUI" */;
			productName = SDWebImageSwiftUI;
		};
/* End XCSwiftPackageProductDependency section */
	};
	rootObject = 5B259CBE1D6630E0001D755F /* Project object */;
}
